
Microsoft Visual Studio Solution File, Format Version 12.00
# Visual Studio Version 16
VisualStudioVersion = 16.0.29613.14
MinimumVisualStudioVersion = 10.0.40219.1
Project("{FAE04EC0-301F-11D3-BF4B-00C04F79EFBC}") = "DriveLockerGUI", "DriveLockerGUI\DriveLockerGUI.csproj", "{A5CD98C3-6D06-4CBC-AE39-A92E95170866}"
EndProject
Global
	GlobalSection(SolutionConfigurationPlatforms) = preSolution
		Debug|Any CPU = Debug|Any CPU
		Release|Any CPU = Release|Any CPU
	EndGlobalSection
	GlobalSection(ProjectConfigurationPlatforms) = postSolution
		{A5CD98C3-6D06-4CBC-AE39-A92E95170866}.Debug|Any CPU.ActiveCfg = Debug|Any CPU
		{A5CD98C3-6D06-4CBC-AE39-A92E95170866}.Debug|Any CPU.Build.0 = Debug|Any CPU
		{A5CD98C3-6D06-4CBC-AE39-A92E95170866}.Release|Any CPU.ActiveCfg = Release|Any CPU
		{A5CD98C3-6D06-4CBC-AE39-A92E95170866}.Release|Any CPU.Build.0 = Release|Any CPU
	EndGlobalSection
	GlobalSection(SolutionProperties) = preSolution
		HideSolutionNode = FALSE
	EndGlobalSection
	GlobalSection(ExtensibilityGlobals) = postSolution
		SolutionGuid = {14CF5DB0-2325-4143-A80B-B61A2FCDEBFA}
	EndGlobalSection
EndGlobal
